
Microsoft Visual Studio Solution File, Format Version 12.00
# Visual Studio Version 16
VisualStudioVersion = 16.0.30104.148
MinimumVisualStudioVersion = 10.0.40219.1
Project("{FAE04EC0-301F-11D3-BF4B-00C04F79EFBC}") = "test1EFCoreDBFirst", "test1EFCoreDBFirst\test1EFCoreDBFirst.csproj", "{770E72DE-739E-4DB5-A450-222CEA4C1CA9}"
EndProject
Global
	GlobalSection(SolutionConfigurationPlatforms) = preSolution
		Debug|Any CPU = Debug|Any CPU
		Release|Any CPU = Release|Any CPU
	EndGlobalSection
	GlobalSection(ProjectConfigurationPlatforms) = postSolution
		{770E72DE-739E-4DB5-A450-222CEA4C1CA9}.Debug|Any CPU.ActiveCfg = Debug|Any CPU
		{770E72DE-739E-4DB5-A450-222CEA4C1CA9}.Debug|Any CPU.Build.0 = Debug|Any CPU
		{770E72DE-739E-4DB5-A450-222CEA4C1CA9}.Release|Any CPU.ActiveCfg = Release|Any CPU
		{770E72DE-739E-4DB5-A450-222CEA4C1CA9}.Release|Any CPU.Build.0 = Release|Any CPU
	EndGlobalSection
	GlobalSection(SolutionProperties) = preSolution
		HideSolutionNode = FALSE
	EndGlobalSection
	GlobalSection(ExtensibilityGlobals) = postSolution
		SolutionGuid = {FD55C991-4CCD-452B-928F-8F03E2AF62D2}
	EndGlobalSection
EndGlobal
